
Microsoft Visual Studio Solution File, Format Version 12.00
# Visual Studio Version 17
VisualStudioVersion = 17.3.32901.215
MinimumVisualStudioVersion = 10.0.40219.1
Project("{FAE04EC0-301F-11D3-BF4B-00C04F79EFBC}") = "RampSql", "RampSql\RampSql.csproj", "{A2F103D9-21B6-44AE-86A5-912A3F9607BB}"
EndProject
Project("{FAE04EC0-301F-11D3-BF4B-00C04F79EFBC}") = "RampTest", "RampTest\RampTest.csproj", "{248ABA7E-486D-41C7-98B5-3B088120811F}"
EndProject
Global
	GlobalSection(SolutionConfigurationPlatforms) = preSolution
		Debug|Any CPU = Debug|Any CPU
		Release|Any CPU = Release|Any CPU
	EndGlobalSection
	GlobalSection(ProjectConfigurationPlatforms) = postSolution
		{A2F103D9-21B6-44AE-86A5-912A3F9607BB}.Debug|Any CPU.ActiveCfg = Debug|Any CPU
		{A2F103D9-21B6-44AE-86A5-912A3F9607BB}.Debug|Any CPU.Build.0 = Debug|Any CPU
		{A2F103D9-21B6-44AE-86A5-912A3F9607BB}.Release|Any CPU.ActiveCfg = Release|Any CPU
		{A2F103D9-21B6-44AE-86A5-912A3F9607BB}.Release|Any CPU.Build.0 = Release|Any CPU
		{248ABA7E-486D-41C7-98B5-3B088120811F}.Debug|Any CPU.ActiveCfg = Debug|Any CPU
		{248ABA7E-486D-41C7-98B5-3B088120811F}.Debug|Any CPU.Build.0 = Debug|Any CPU
		{248ABA7E-486D-41C7-98B5-3B088120811F}.Release|Any CPU.ActiveCfg = Release|Any CPU
		{248ABA7E-486D-41C7-98B5-3B088120811F}.Release|Any CPU.Build.0 = Release|Any CPU
	EndGlobalSection
	GlobalSection(SolutionProperties) = preSolution
		HideSolutionNode = FALSE
	EndGlobalSection
	GlobalSection(ExtensibilityGlobals) = postSolution
		SolutionGuid = {973489A1-B2D6-412B-AC6B-0C07149DE32B}
	EndGlobalSection
EndGlobal
